
Microsoft Visual Studio Solution File, Format Version 12.00
# Visual Studio Version 17
VisualStudioVersion = 17.4.33122.133
MinimumVisualStudioVersion = 10.0.40219.1
Project("{FAE04EC0-301F-11D3-BF4B-00C04F79EFBC}") = "Movies", "Movies.csproj", "{A32BE745-C4C6-4B82-B738-8297D7AA3B64}"
EndProject
Global
	GlobalSection(SolutionConfigurationPlatforms) = preSolution
		Debug|Any CPU = Debug|Any CPU
		Release|Any CPU = Release|Any CPU
	EndGlobalSection
	GlobalSection(ProjectConfigurationPlatforms) = postSolution
		{A32BE745-C4C6-4B82-B738-8297D7AA3B64}.Debug|Any CPU.ActiveCfg = Debug|Any CPU
		{A32BE745-C4C6-4B82-B738-8297D7AA3B64}.Debug|Any CPU.Build.0 = Debug|Any CPU
		{A32BE745-C4C6-4B82-B738-8297D7AA3B64}.Release|Any CPU.ActiveCfg = Release|Any CPU
		{A32BE745-C4C6-4B82-B738-8297D7AA3B64}.Release|Any CPU.Build.0 = Release|Any CPU
	EndGlobalSection
	GlobalSection(SolutionProperties) = preSolution
		HideSolutionNode = FALSE
	EndGlobalSection
	GlobalSection(ExtensibilityGlobals) = postSolution
		SolutionGuid = {7F60A02A-BEB8-4D28-A97F-FB880FE4BB8F}
	EndGlobalSection
EndGlobal
